// !$*UTF8*$!
{
	archiveVersion = 1;
	classes = {
	};
	objectVersion = 56;
	objects = {

/* Begin PBXBuildFile section */
		FD1278F7297FAF1F00D52A88 /* DownloadView.swift in Sources */ = {isa = PBXBuildFile; fileRef = FD1278F6297FAF1F00D52A88 /* DownloadView.swift */; };
		FD1278F9297FAF2F00D52A88 /* SearchView.swift in Sources */ = {isa = PBXBuildFile; fileRef = FD1278F8297FAF2F00D52A88 /* SearchView.swift */; };
		FD1278FD297FAF5E00D52A88 /* FavoritesView.swift in Sources */ = {isa = PBXBuildFile; fileRef = FD1278FC297FAF5E00D52A88 /* FavoritesView.swift */; };
		FD127900297FB5AD00D52A88 /* PlaceholderImage.swift in Sources */ = {isa = PBXBuildFile; fileRef = FD1278FF297FB5AD00D52A88 /* PlaceholderImage.swift */; };
		FDEC0D83297F91DD0065B151 /* PodcastsApp.swift in Sources */ = {isa = PBXBuildFile; fileRef = FDEC0D82297F91DD0065B151 /* PodcastsApp.swift */; };
		FDEC0D85297F91DD0065B151 /* MainTabView.swift in Sources */ = {isa = PBXBuildFile; fileRef = FDEC0D84297F91DD0065B151 /* MainTabView.swift */; };
		FDEC0D87297F91DE0065B151 /* Assets.xcassets in Resources */ = {isa = PBXBuildFile; fileRef = FDEC0D86297F91DE0065B151 /* Assets.xcassets */; };
		FDEC0D8A297F91DE0065B151 /* Preview Assets.xcassets in Resources */ = {isa = PBXBuildFile; fileRef = FDEC0D89297F91DE0065B151 /* Preview Assets.xcassets */; };
/* End PBXBuildFile section */

/* Begin PBXFileReference section */
		FD1278F6297FAF1F00D52A88 /* DownloadView.swift */ = {isa = PBXFileReference; lastKnownFileType = sourcecode.swift; path = DownloadView.swift; sourceTree = "<group>"; };
		FD1278F8297FAF2F00D52A88 /* SearchView.swift */ = {isa = PBXFileReference; lastKnownFileType = sourcecode.swift; path = SearchView.swift; sourceTree = "<group>"; };
		FD1278FC297FAF5E00D52A88 /* FavoritesView.swift */ = {isa = PBXFileReference; lastKnownFileType = sourcecode.swift; path = FavoritesView.swift; sourceTree = "<group>"; };
		FD1278FF297FB5AD00D52A88 /* PlaceholderImage.swift */ = {isa = PBXFileReference; lastKnownFileType = sourcecode.swift; path = PlaceholderImage.swift; sourceTree = "<group>"; };
		FDEC0D7F297F91DD0065B151 /* podcasts-app.app */ = {isa = PBXFileReference; explicitFileType = wrapper.application; includeInIndex = 0; path = "podcasts-app.app"; sourceTree = BUILT_PRODUCTS_DIR; };
		FDEC0D82297F91DD0065B151 /* PodcastsApp.swift */ = {isa = PBXFileReference; lastKnownFileType = sourcecode.swift; path = PodcastsApp.swift; sourceTree = "<group>"; };
		FDEC0D84297F91DD0065B151 /* MainTabView.swift */ = {isa = PBXFileReference; lastKnownFileType = sourcecode.swift; path = MainTabView.swift; sourceTree = "<group>"; };
		FDEC0D86297F91DE0065B151 /* Assets.xcassets */ = {isa = PBXFileReference; lastKnownFileType = folder.assetcatalog; path = Assets.xcassets; sourceTree = "<group>"; };
		FDEC0D89297F91DE0065B151 /* Preview Assets.xcassets */ = {isa = PBXFileReference; lastKnownFileType = folder.assetcatalog; path = "Preview Assets.xcassets"; sourceTree = "<group>"; };
/* End PBXFileReference section */

/* Begin PBXFrameworksBuildPhase section */
		FDEC0D7C297F91DD0065B151 /* Frameworks */ = {
			isa = PBXFrameworksBuildPhase;
			buildActionMask = 2147483647;
			files = (
			);
			runOnlyForDeploymentPostprocessing = 0;
		};
/* End PBXFrameworksBuildPhase section */

/* Begin PBXGroup section */
		FD1278FE297FB59200D52A88 /* Custom Views */ = {
			isa = PBXGroup;
			children = (
				FD1278FF297FB5AD00D52A88 /* PlaceholderImage.swift */,
			);
			path = "Custom Views";
			sourceTree = "<group>";
		};
		FDEC0D76297F91DD0065B151 = {
			isa = PBXGroup;
			children = (
				FDEC0D81297F91DD0065B151 /* podcasts-app */,
				FDEC0D80297F91DD0065B151 /* Products */,
			);
			sourceTree = "<group>";
		};
		FDEC0D80297F91DD0065B151 /* Products */ = {
			isa = PBXGroup;
			children = (
				FDEC0D7F297F91DD0065B151 /* podcasts-app.app */,
			);
			name = Products;
			sourceTree = "<group>";
		};
		FDEC0D81297F91DD0065B151 /* podcasts-app */ = {
			isa = PBXGroup;
			children = (
				FD1278FE297FB59200D52A88 /* Custom Views */,
				FDEC0D91297FAE580065B151 /* App */,
				FDEC0D90297FAE480065B151 /* Screens */,
				FDEC0D88297F91DE0065B151 /* Preview Content */,
			);
			path = "podcasts-app";
			sourceTree = "<group>";
		};
		FDEC0D88297F91DE0065B151 /* Preview Content */ = {
			isa = PBXGroup;
			children = (
				FDEC0D89297F91DE0065B151 /* Preview Assets.xcassets */,
			);
			path = "Preview Content";
			sourceTree = "<group>";
		};
		FDEC0D90297FAE480065B151 /* Screens */ = {
			isa = PBXGroup;
			children = (
				FDEC0D84297F91DD0065B151 /* MainTabView.swift */,
				FD1278F6297FAF1F00D52A88 /* DownloadView.swift */,
				FD1278F8297FAF2F00D52A88 /* SearchView.swift */,
				FD1278FC297FAF5E00D52A88 /* FavoritesView.swift */,
			);
			path = Screens;
			sourceTree = "<group>";
		};
		FDEC0D91297FAE580065B151 /* App */ = {
			isa = PBXGroup;
			children = (
				FDEC0D86297F91DE0065B151 /* Assets.xcassets */,
				FDEC0D82297F91DD0065B151 /* PodcastsApp.swift */,
			);
			path = App;
			sourceTree = "<group>";
		};
/* End PBXGroup section */

/* Begin PBXNativeTarget section */
		FDEC0D7E297F91DD0065B151 /* podcasts-app */ = {
			isa = PBXNativeTarget;
			buildConfigurationList = FDEC0D8D297F91DE0065B151 /* Build configuration list for PBXNativeTarget "podcasts-app" */;
			buildPhases = (
				FDEC0D7B297F91DD0065B151 /* Sources */,
				FDEC0D7C297F91DD0065B151 /* Frameworks */,
				FDEC0D7D297F91DD0065B151 /* Resources */,
			);
			buildRules = (
			);
			dependencies = (
			);
			name = "podcasts-app";
			productName = "podcasts-app";
			productReference = FDEC0D7F297F91DD0065B151 /* podcasts-app.app */;
			productType = "com.apple.product-type.application";
		};
/* End PBXNativeTarget section */

/* Begin PBXProject section */
		FDEC0D77297F91DD0065B151 /* Project object */ = {
			isa = PBXProject;
			attributes = {
				BuildIndependentTargetsInParallel = 1;
				LastSwiftUpdateCheck = 1420;
				LastUpgradeCheck = 1420;
				TargetAttributes = {
					FDEC0D7E297F91DD0065B151 = {
						CreatedOnToolsVersion = 14.2;
					};
				};
			};
			buildConfigurationList = FDEC0D7A297F91DD0065B151 /* Build configuration list for PBXProject "podcasts-app" */;
			compatibilityVersion = "Xcode 14.0";
			developmentRegion = en;
			hasScannedForEncodings = 0;
			knownRegions = (
				en,
				Base,
			);
			mainGroup = FDEC0D76297F91DD0065B151;
			productRefGroup = FDEC0D80297F91DD0065B151 /* Products */;
			projectDirPath = "";
			projectRoot = "";
			targets = (
				FDEC0D7E297F91DD0065B151 /* podcasts-app */,
			);
		};
/* End PBXProject section */

/* Begin PBXResourcesBuildPhase section */
		FDEC0D7D297F91DD0065B151 /* Resources */ = {
			isa = PBXResourcesBuildPhase;
			buildActionMask = 2147483647;
			files = (
				FDEC0D8A297F91DE0065B151 /* Preview Assets.xcassets in Resources */,
				FDEC0D87297F91DE0065B151 /* Assets.xcassets in Resources */,
			);
			runOnlyForDeploymentPostprocessing = 0;
		};
/* End PBXResourcesBuildPhase section */

/* Begin PBXSourcesBuildPhase section */
		FDEC0D7B297F91DD0065B151 /* Sources */ = {
			isa = PBXSourcesBuildPhase;
			buildActionMask = 2147483647;
			files = (
				FD1278FD297FAF5E00D52A88 /* FavoritesView.swift in Sources */,
				FD1278F9297FAF2F00D52A88 /* SearchView.swift in Sources */,
				FD1278F7297FAF1F00D52A88 /* DownloadView.swift in Sources */,
				FD127900297FB5AD00D52A88 /* PlaceholderImage.swift in Sources */,
				FDEC0D85297F91DD0065B151 /* MainTabView.swift in Sources */,
				FDEC0D83297F91DD0065B151 /* PodcastsApp.swift in Sources */,
			);
			runOnlyForDeploymentPostprocessing = 0;
		};
/* End PBXSourcesBuildPhase section */

/* Begin XCBuildConfiguration section */
		FDEC0D8B297F91DE0065B151 /* Debug */ = {
			isa = XCBuildConfiguration;
			buildSettings = {
				ALWAYS_SEARCH_USER_PATHS = NO;
				CLANG_ANALYZER_NONNULL = YES;
				CLANG_ANALYZER_NUMBER_OBJECT_CONVERSION = YES_AGGRESSIVE;
				CLANG_CXX_LANGUAGE_STANDARD = "gnu++20";
				CLANG_ENABLE_MODULES = YES;
				CLANG_ENABLE_OBJC_ARC = YES;
				CLANG_ENABLE_OBJC_WEAK = YES;
				CLANG_WARN_BLOCK_CAPTURE_AUTORELEASING = YES;
				CLANG_WARN_BOOL_CONVERSION = YES;
				CLANG_WARN_COMMA = YES;
				CLANG_WARN_CONSTANT_CONVERSION = YES;
				CLANG_WARN_DEPRECATED_OBJC_IMPLEMENTATIONS = YES;
				CLANG_WARN_DIRECT_OBJC_ISA_USAGE = YES_ERROR;
				CLANG_WARN_DOCUMENTATION_COMMENTS = YES;
				CLANG_WARN_EMPTY_BODY = YES;
				CLANG_WARN_ENUM_CONVERSION = YES;
				CLANG_WARN_INFINITE_RECURSION = YES;
				CLANG_WARN_INT_CONVERSION = YES;
				CLANG_WARN_NON_LITERAL_NULL_CONVERSION = YES;
				CLANG_WARN_OBJC_IMPLICIT_RETAIN_SELF = YES;
				CLANG_WARN_OBJC_LITERAL_CONVERSION = YES;
				CLANG_WARN_OBJC_ROOT_CLASS = YES_ERROR;
				CLANG_WARN_QUOTED_INCLUDE_IN_FRAMEWORK_HEADER = YES;
				CLANG_WARN_RANGE_LOOP_ANALYSIS = YES;
				CLANG_WARN_STRICT_PROTOTYPES = YES;
				CLANG_WARN_SUSPICIOUS_MOVE = YES;
				CLANG_WARN_UNGUARDED_AVAILABILITY = YES_AGGRESSIVE;
				CLANG_WARN_UNREACHABLE_CODE = YES;
				CLANG_WARN__DUPLICATE_METHOD_MATCH = YES;
				COPY_PHASE_STRIP = NO;
				DEBUG_INFORMATION_FORMAT = dwarf;
				ENABLE_STRICT_OBJC_MSGSEND = YES;
				ENABLE_TESTABILITY = YES;
				GCC_C_LANGUAGE_STANDARD = gnu11;
				GCC_DYNAMIC_NO_PIC = NO;
				GCC_NO_COMMON_BLOCKS = YES;
				GCC_OPTIMIZATION_LEVEL = 0;
				GCC_PREPROCESSOR_DEFINITIONS = (
					"DEBUG=1",
					"$(inherited)",
				);
				GCC_WARN_64_TO_32_BIT_CONVERSION = YES;
				GCC_WARN_ABOUT_RETURN_TYPE = YES_ERROR;
				GCC_WARN_UNDECLARED_SELECTOR = YES;
				GCC_WARN_UNINITIALIZED_AUTOS = YES_AGGRESSIVE;
				GCC_WARN_UNUSED_FUNCTION = YES;
				GCC_WARN_UNUSED_VARIABLE = YES;
				IPHONEOS_DEPLOYMENT_TARGET = 16.2;
				MTL_ENABLE_DEBUG_INFO = INCLUDE_SOURCE;
				MTL_FAST_MATH = YES;
				ONLY_ACTIVE_ARCH = YES;
				SDKROOT = iphoneos;
				SWIFT_ACTIVE_COMPILATION_CONDITIONS = DEBUG;
				SWIFT_OPTIMIZATION_LEVEL = "-Onone";
			};
			name = Debug;
		};
		FDEC0D8C297F91DE0065B151 /* Release */ = {
			isa = XCBuildConfiguration;
			buildSettings = {
				ALWAYS_SEARCH_USER_PATHS = NO;
				CLANG_ANALYZER_NONNULL = YES;
				CLANG_ANALYZER_NUMBER_OBJECT_CONVERSION = YES_AGGRESSIVE;
				CLANG_CXX_LANGUAGE_STANDARD = "gnu++20";
				CLANG_ENABLE_MODULES = YES;
				CLANG_ENABLE_OBJC_ARC = YES;
				CLANG_ENABLE_OBJC_WEAK = YES;
				CLANG_WARN_BLOCK_CAPTURE_AUTORELEASING = YES;
				CLANG_WARN_BOOL_CONVERSION = YES;
				CLANG_WARN_COMMA = YES;
				CLANG_WARN_CONSTANT_CONVERSION = YES;
				CLANG_WARN_DEPRECATED_OBJC_IMPLEMENTATIONS = YES;
				CLANG_WARN_DIRECT_OBJC_ISA_USAGE = YES_ERROR;
				CLANG_WARN_DOCUMENTATION_COMMENTS = YES;
				CLANG_WARN_EMPTY_BODY = YES;
				CLANG_WARN_ENUM_CONVERSION = YES;
				CLANG_WARN_INFINITE_RECURSION = YES;
				CLANG_WARN_INT_CONVERSION = YES;
				CLANG_WARN_NON_LITERAL_NULL_CONVERSION = YES;
				CLANG_WARN_OBJC_IMPLICIT_RETAIN_SELF = YES;
				CLANG_WARN_OBJC_LITERAL_CONVERSION = YES;
				CLANG_WARN_OBJC_ROOT_CLASS = YES_ERROR;
				CLANG_WARN_QUOTED_INCLUDE_IN_FRAMEWORK_HEADER = YES;
				CLANG_WARN_RANGE_LOOP_ANALYSIS = YES;
				CLANG_WARN_STRICT_PROTOTYPES = YES;
				CLANG_WARN_SUSPICIOUS_MOVE = YES;
				CLANG_WARN_UNGUARDED_AVAILABILITY = YES_AGGRESSIVE;
				CLANG_WARN_UNREACHABLE_CODE = YES;
				CLANG_WARN__DUPLICATE_METHOD_MATCH = YES;
				COPY_PHASE_STRIP = NO;
				DEBUG_INFORMATION_FORMAT = "dwarf-with-dsym";
				ENABLE_NS_ASSERTIONS = NO;
				ENABLE_STRICT_OBJC_MSGSEND = YES;
				GCC_C_LANGUAGE_STANDARD = gnu11;
				GCC_NO_COMMON_BLOCKS = YES;
				GCC_WARN_64_TO_32_BIT_CONVERSION = YES;
				GCC_WARN_ABOUT_RETURN_TYPE = YES_ERROR;
				GCC_WARN_UNDECLARED_SELECTOR = YES;
				GCC_WARN_UNINITIALIZED_AUTOS = YES_AGGRESSIVE;
				GCC_WARN_UNUSED_FUNCTION = YES;
				GCC_WARN_UNUSED_VARIABLE = YES;
				IPHONEOS_DEPLOYMENT_TARGET = 16.2;
				MTL_ENABLE_DEBUG_INFO = NO;
				MTL_FAST_MATH = YES;
				SDKROOT = iphoneos;
				SWIFT_COMPILATION_MODE = wholemodule;
				SWIFT_OPTIMIZATION_LEVEL = "-O";
				VALIDATE_PRODUCT = YES;
			};
			name = Release;
		};
		FDEC0D8E297F91DE0065B151 /* Debug */ = {
			isa = XCBuildConfiguration;
			buildSettings = {
				ASSETCATALOG_COMPILER_APPICON_NAME = AppIcon;
				ASSETCATALOG_COMPILER_GLOBAL_ACCENT_COLOR_NAME = AccentColor;
				CODE_SIGN_STYLE = Automatic;
				CURRENT_PROJECT_VERSION = 1;
				DEVELOPMENT_ASSET_PATHS = "\"podcasts-app/Preview Content\"";
				DEVELOPMENT_TEAM = PZ67V2GHY9;
				ENABLE_PREVIEWS = YES;
				GENERATE_INFOPLIST_FILE = YES;
				INFOPLIST_KEY_UIApplicationSceneManifest_Generation = YES;
				INFOPLIST_KEY_UIApplicationSupportsIndirectInputEvents = YES;
				INFOPLIST_KEY_UILaunchScreen_Generation = YES;
				INFOPLIST_KEY_UISupportedInterfaceOrientations_iPad = "UIInterfaceOrientationPortrait UIInterfaceOrientationPortraitUpsideDown UIInterfaceOrientationLandscapeLeft UIInterfaceOrientationLandscapeRight";
				INFOPLIST_KEY_UISupportedInterfaceOrientations_iPhone = "UIInterfaceOrientationPortrait UIInterfaceOrientationLandscapeLeft UIInterfaceOrientationLandscapeRight";
				LD_RUNPATH_SEARCH_PATHS = (
					"$(inherited)",
					"@executable_path/Frameworks",
				);
				MARKETING_VERSION = 1.0;
				PRODUCT_BUNDLE_IDENTIFIER = "io.compilery.podcasts-app";
				PRODUCT_NAME = "$(TARGET_NAME)";
				SUPPORTED_PLATFORMS = "iphoneos iphonesimulator";
				SUPPORTS_MACCATALYST = NO;
				SUPPORTS_MAC_DESIGNED_FOR_IPHONE_IPAD = NO;
				SWIFT_EMIT_LOC_STRINGS = YES;
				SWIFT_VERSION = 5.0;
				TARGETED_DEVICE_FAMILY = 1;
			};
			name = Debug;
		};
		FDEC0D8F297F91DE0065B151 /* Release */ = {
			isa = XCBuildConfiguration;
			buildSettings = {
				ASSETCATALOG_COMPILER_APPICON_NAME = AppIcon;
				ASSETCATALOG_COMPILER_GLOBAL_ACCENT_COLOR_NAME = AccentColor;
				CODE_SIGN_STYLE = Automatic;
				CURRENT_PROJECT_VERSION = 1;
				DEVELOPMENT_ASSET_PATHS = "\"podcasts-app/Preview Content\"";
				DEVELOPMENT_TEAM = PZ67V2GHY9;
				ENABLE_PREVIEWS = YES;
				GENERATE_INFOPLIST_FILE = YES;
				INFOPLIST_KEY_UIApplicationSceneManifest_Generation = YES;
				INFOPLIST_KEY_UIApplicationSupportsIndirectInputEvents = YES;
				INFOPLIST_KEY_UILaunchScreen_Generation = YES;
				INFOPLIST_KEY_UISupportedInterfaceOrientations_iPad = "UIInterfaceOrientationPortrait UIInterfaceOrientationPortraitUpsideDown UIInterfaceOrientationLandscapeLeft UIInterfaceOrientationLandscapeRight";
				INFOPLIST_KEY_UISupportedInterfaceOrientations_iPhone = "UIInterfaceOrientationPortrait UIInterfaceOrientationLandscapeLeft UIInterfaceOrientationLandscapeRight";
				LD_RUNPATH_SEARCH_PATHS = (
					"$(inherited)",
					"@executable_path/Frameworks",
				);
				MARKETING_VERSION = 1.0;
				PRODUCT_BUNDLE_IDENTIFIER = "io.compilery.podcasts-app";
				PRODUCT_NAME = "$(TARGET_NAME)";
				SUPPORTED_PLATFORMS = "iphoneos iphonesimulator";
				SUPPORTS_MACCATALYST = NO;
				SUPPORTS_MAC_DESIGNED_FOR_IPHONE_IPAD = NO;
				SWIFT_EMIT_LOC_STRINGS = YES;
				SWIFT_VERSION = 5.0;
				TARGETED_DEVICE_FAMILY = 1;
			};
			name = Release;
		};
/* End XCBuildConfiguration section */

/* Begin XCConfigurationList section */
		FDEC0D7A297F91DD0065B151 /* Build configuration list for PBXProject "podcasts-app" */ = {
			isa = XCConfigurationList;
			buildConfigurations = (
				FDEC0D8B297F91DE0065B151 /* Debug */,
				FDEC0D8C297F91DE0065B151 /* Release */,
			);
			defaultConfigurationIsVisible = 0;
			defaultConfigurationName = Release;
		};
		FDEC0D8D297F91DE0065B151 /* Build configuration list for PBXNativeTarget "podcasts-app" */ = {
			isa = XCConfigurationList;
			buildConfigurations = (
				FDEC0D8E297F91DE0065B151 /* Debug */,
				FDEC0D8F297F91DE0065B151 /* Release */,
			);
			defaultConfigurationIsVisible = 0;
			defaultConfigurationName = Release;
		};
/* End XCConfigurationList section */
	};
	rootObject = FDEC0D77297F91DD0065B151 /* Project object */;
}
